
Microsoft Visual Studio Solution File, Format Version 12.00
# Visual Studio Version 16
VisualStudioVersion = 16.0.30717.126
MinimumVisualStudioVersion = 10.0.40219.1
Project("{8BC9CEB8-8B4A-11D0-8D11-00A0C91BC942}") = "ExampleLab19", "ExampleLab19\ExampleLab19.vcxproj", "{E353A533-3DB3-440B-8B42-57708B6ECFE1}"
EndProject
Project("{8BC9CEB8-8B4A-11D0-8D11-00A0C91BC942}") = "Task2", "Task2\Task2.vcxproj", "{14DC52B0-C122-48D0-8BBA-4263208656F2}"
EndProject
Project("{8BC9CEB8-8B4A-11D0-8D11-00A0C91BC942}") = "Task3", "Task3\Task3.vcxproj", "{14F15744-6224-40E0-8318-A04FF0BE459B}"
EndProject
Project("{8BC9CEB8-8B4A-11D0-8D11-00A0C91BC942}") = "task4", "task4\task4.vcxproj", "{47148E57-5AB2-40AE-BF87-26672856F081}"
EndProject
Global
	GlobalSection(SolutionConfigurationPlatforms) = preSolution
		Debug|x64 = Debug|x64
		Debug|x86 = Debug|x86
		Release|x64 = Release|x64
		Release|x86 = Release|x86
	EndGlobalSection
	GlobalSection(ProjectConfigurationPlatforms) = postSolution
		{E353A533-3DB3-440B-8B42-57708B6ECFE1}.Debug|x64.ActiveCfg = Debug|x64
		{E353A533-3DB3-440B-8B42-57708B6ECFE1}.Debug|x64.Build.0 = Debug|x64
		{E353A533-3DB3-440B-8B42-57708B6ECFE1}.Debug|x86.ActiveCfg = Debug|Win32
		{E353A533-3DB3-440B-8B42-57708B6ECFE1}.Debug|x86.Build.0 = Debug|Win32
		{E353A533-3DB3-440B-8B42-57708B6ECFE1}.Release|x64.ActiveCfg = Release|x64
		{E353A533-3DB3-440B-8B42-57708B6ECFE1}.Release|x64.Build.0 = Release|x64
		{E353A533-3DB3-440B-8B42-57708B6ECFE1}.Release|x86.ActiveCfg = Release|Win32
		{E353A533-3DB3-440B-8B42-57708B6ECFE1}.Release|x86.Build.0 = Release|Win32
		{14DC52B0-C122-48D0-8BBA-4263208656F2}.Debug|x64.ActiveCfg = Debug|x64
		{14DC52B0-C122-48D0-8BBA-4263208656F2}.Debug|x64.Build.0 = Debug|x64
		{14DC52B0-C122-48D0-8BBA-4263208656F2}.Debug|x86.ActiveCfg = Debug|Win32
		{14DC52B0-C122-48D0-8BBA-4263208656F2}.Debug|x86.Build.0 = Debug|Win32
		{14DC52B0-C122-48D0-8BBA-4263208656F2}.Release|x64.ActiveCfg = Release|x64
		{14DC52B0-C122-48D0-8BBA-4263208656F2}.Release|x64.Build.0 = Release|x64
		{14DC52B0-C122-48D0-8BBA-4263208656F2}.Release|x86.ActiveCfg = Release|Win32
		{14DC52B0-C122-48D0-8BBA-4263208656F2}.Release|x86.Build.0 = Release|Win32
		{14F15744-6224-40E0-8318-A04FF0BE459B}.Debug|x64.ActiveCfg = Debug|x64
		{14F15744-6224-40E0-8318-A04FF0BE459B}.Debug|x64.Build.0 = Debug|x64
		{14F15744-6224-40E0-8318-A04FF0BE459B}.Debug|x86.ActiveCfg = Debug|Win32
		{14F15744-6224-40E0-8318-A04FF0BE459B}.Debug|x86.Build.0 = Debug|Win32
		{14F15744-6224-40E0-8318-A04FF0BE459B}.Release|x64.ActiveCfg = Release|x64
		{14F15744-6224-40E0-8318-A04FF0BE459B}.Release|x64.Build.0 = Release|x64
		{14F15744-6224-40E0-8318-A04FF0BE459B}.Release|x86.ActiveCfg = Release|Win32
		{14F15744-6224-40E0-8318-A04FF0BE459B}.Release|x86.Build.0 = Release|Win32
		{47148E57-5AB2-40AE-BF87-26672856F081}.Debug|x64.ActiveCfg = Debug|x64
		{47148E57-5AB2-40AE-BF87-26672856F081}.Debug|x64.Build.0 = Debug|x64
		{47148E57-5AB2-40AE-BF87-26672856F081}.Debug|x86.ActiveCfg = Debug|Win32
		{47148E57-5AB2-40AE-BF87-26672856F081}.Debug|x86.Build.0 = Debug|Win32
		{47148E57-5AB2-40AE-BF87-26672856F081}.Release|x64.ActiveCfg = Release|x64
		{47148E57-5AB2-40AE-BF87-26672856F081}.Release|x64.Build.0 = Release|x64
		{47148E57-5AB2-40AE-BF87-26672856F081}.Release|x86.ActiveCfg = Release|Win32
		{47148E57-5AB2-40AE-BF87-26672856F081}.Release|x86.Build.0 = Release|Win32
	EndGlobalSection
	GlobalSection(SolutionProperties) = preSolution
		HideSolutionNode = FALSE
	EndGlobalSection
	GlobalSection(ExtensibilityGlobals) = postSolution
		SolutionGuid = {4D931C2D-F3ED-466F-A550-E5D966DFF8DE}
	EndGlobalSection
EndGlobal
